{
  "name": "node-vue-moba",
  "lockfileVersion": 2,
  "requires": true,
  "packages": {
    "": {
      "dependencies": {
        "@better-scroll/observe-dom": "^2.4.2"
      }
    },
    "node_modules/@better-scroll/core": {
      "version": "2.4.2",
      "resolved": "https://registry.npmjs.org/@better-scroll/core/-/core-2.4.2.tgz",
      "integrity": "sha512-IqVZLnh04YpaEAy9wJDxtFK/stxVQjB9A9Wcr3Uwkj7Av1TtFpin+t/TObl53diNDG5ZJ+vck/OAthphpuugLA==",
      "dependencies": {
        "@better-scroll/shared-utils": "^2.4.2"
      }
    },
    "node_modules/@better-scroll/observe-dom": {
      "version": "2.4.2",
      "resolved": "https://registry.npmjs.org/@better-scroll/observe-dom/-/observe-dom-2.4.2.tgz",
      "integrity": "sha512-eeS77CZs+V72dkya10e5ptndBAbhQVcXoYGvfoIihOJgCPqO5MdYTpzRmlbshYCEE5juUMLe82Kx8FSbOejpAw==",
      "dependencies": {
        "@better-scroll/core": "^2.4.2"
      }
    },
    "node_modules/@better-scroll/shared-utils": {
      "version": "2.4.2",
      "resolved": "https://registry.npmjs.org/@better-scroll/shared-utils/-/shared-utils-2.4.2.tgz",
      "integrity": "sha512-Gy/Jfbpu+hq0u+PcjkTqyXGqAf+0dexTzEZ5IDXEVwJVLmd3cx8A73oTcAZ8QZgk4wSHvlMjXecSaptkhnNPEw=="
    }
  },
  "dependencies": {
    "@better-scroll/core": {
      "version": "2.4.2",
      "resolved": "https://registry.npmjs.org/@better-scroll/core/-/core-2.4.2.tgz",
      "integrity": "sha512-IqVZLnh04YpaEAy9wJDxtFK/stxVQjB9A9Wcr3Uwkj7Av1TtFpin+t/TObl53diNDG5ZJ+vck/OAthphpuugLA==",
      "requires": {
        "@better-scroll/shared-utils": "^2.4.2"
      }
    },
    "@better-scroll/observe-dom": {
      "version": "2.4.2",
      "resolved": "https://registry.npmjs.org/@better-scroll/observe-dom/-/observe-dom-2.4.2.tgz",
      "integrity": "sha512-eeS77CZs+V72dkya10e5ptndBAbhQVcXoYGvfoIihOJgCPqO5MdYTpzRmlbshYCEE5juUMLe82Kx8FSbOejpAw==",
      "requires": {
        "@better-scroll/core": "^2.4.2"
      }
    },
    "@better-scroll/shared-utils": {
      "version": "2.4.2",
      "resolved": "https://registry.npmjs.org/@better-scroll/shared-utils/-/shared-utils-2.4.2.tgz",
      "integrity": "sha512-Gy/Jfbpu+hq0u+PcjkTqyXGqAf+0dexTzEZ5IDXEVwJVLmd3cx8A73oTcAZ8QZgk4wSHvlMjXecSaptkhnNPEw=="
    }
  }
}
